
Microsoft Visual Studio Solution File, Format Version 12.00
# Visual Studio Version 17
VisualStudioVersion = 17.4.33110.190
MinimumVisualStudioVersion = 10.0.40219.1
Project("{FAE04EC0-301F-11D3-BF4B-00C04F79EFBC}") = "UC2_DayOfWeek", "UC2_DayOfWeek.csproj", "{2272F32F-F407-4BD1-9270-61C7C551C247}"
EndProject
Global
	GlobalSection(SolutionConfigurationPlatforms) = preSolution
		Debug|Any CPU = Debug|Any CPU
		Release|Any CPU = Release|Any CPU
	EndGlobalSection
	GlobalSection(ProjectConfigurationPlatforms) = postSolution
		{2272F32F-F407-4BD1-9270-61C7C551C247}.Debug|Any CPU.ActiveCfg = Debug|Any CPU
		{2272F32F-F407-4BD1-9270-61C7C551C247}.Debug|Any CPU.Build.0 = Debug|Any CPU
		{2272F32F-F407-4BD1-9270-61C7C551C247}.Release|Any CPU.ActiveCfg = Release|Any CPU
		{2272F32F-F407-4BD1-9270-61C7C551C247}.Release|Any CPU.Build.0 = Release|Any CPU
	EndGlobalSection
	GlobalSection(SolutionProperties) = preSolution
		HideSolutionNode = FALSE
	EndGlobalSection
	GlobalSection(ExtensibilityGlobals) = postSolution
		SolutionGuid = {86DC9A84-7A7E-4155-9542-7AF9933DB98D}
	EndGlobalSection
EndGlobal
