
Microsoft Visual Studio Solution File, Format Version 12.00
# Visual Studio Version 17
VisualStudioVersion = 17.4.33110.190
MinimumVisualStudioVersion = 10.0.40219.1
Project("{FAE04EC0-301F-11D3-BF4B-00C04F79EFBC}") = "UC3_TemperaturConversion", "UC3_TemperaturConversion.csproj", "{CCD30A78-5C5D-4904-BB11-179EDE62475E}"
EndProject
Global
	GlobalSection(SolutionConfigurationPlatforms) = preSolution
		Debug|Any CPU = Debug|Any CPU
		Release|Any CPU = Release|Any CPU
	EndGlobalSection
	GlobalSection(ProjectConfigurationPlatforms) = postSolution
		{CCD30A78-5C5D-4904-BB11-179EDE62475E}.Debug|Any CPU.ActiveCfg = Debug|Any CPU
		{CCD30A78-5C5D-4904-BB11-179EDE62475E}.Debug|Any CPU.Build.0 = Debug|Any CPU
		{CCD30A78-5C5D-4904-BB11-179EDE62475E}.Release|Any CPU.ActiveCfg = Release|Any CPU
		{CCD30A78-5C5D-4904-BB11-179EDE62475E}.Release|Any CPU.Build.0 = Release|Any CPU
	EndGlobalSection
	GlobalSection(SolutionProperties) = preSolution
		HideSolutionNode = FALSE
	EndGlobalSection
	GlobalSection(ExtensibilityGlobals) = postSolution
		SolutionGuid = {AA5684A3-44B1-4A00-BCDF-945AA85DCB32}
	EndGlobalSection
EndGlobal
